# This file is autogenerated, do not edit; changes may be undone by the next 'dep ensure'.


[[projects]]
  branch = "master"
  digest = "1:2362fe858d2444120b579f0ebe8462299ca5e1c00efd4e2fb066d717304b3437"
  name = "github.com/lukeroth/gdal"
  packages = ["."]
  pruneopts = "UT"
  revision = "12281a1fa6b394acb47075aecf2ec7efba7b5a87"

[solve-meta]
  analyzer-name = "dep"
  analyzer-version = 1
  input-imports = ["github.com/lukeroth/gdal"]
  solver-name = "gps-cdcl"
  solver-version = 1
